
Microsoft Visual Studio Solution File, Format Version 12.00
# Visual Studio Version 16
VisualStudioVersion = 16.0.30114.105
MinimumVisualStudioVersion = 10.0.40219.1
Project("{9A19103F-16F7-4668-BE54-9A1E7A4F7556}") = "TimeRedistribution", "TimeRedistribution\TimeRedistribution.csproj", "{DC457D14-5DCC-4927-B4E1-3A721C11AAED}"
EndProject
Project("{9A19103F-16F7-4668-BE54-9A1E7A4F7556}") = "MedAppData", "MedAppData\MedAppData.csproj", "{2C06607C-2EFB-40C8-AC00-4D3BDB41D74E}"
EndProject
Project("{9A19103F-16F7-4668-BE54-9A1E7A4F7556}") = "AppoitmentRedistribution", "AppoitmentRedistribution\AppoitmentRedistribution.csproj", "{A768B69D-D7A5-4494-AC6B-43683C42D037}"
EndProject
Project("{9A19103F-16F7-4668-BE54-9A1E7A4F7556}") = "MedAppServices", "MedAppServices\MedAppServices.csproj", "{6E42BA10-217A-4752-A5C4-E7148B54CF67}"
EndProject
Project("{9A19103F-16F7-4668-BE54-9A1E7A4F7556}") = "MedAppCore", "MedAppCore\MedAppCore.csproj", "{4FF2C0E2-5B3C-4577-90DC-998A0FE4EC8D}"
EndProject
Project("{9A19103F-16F7-4668-BE54-9A1E7A4F7556}") = "MailerWorker", "MailerWorker\MailerWorker.csproj", "{2DE8E05F-D09D-416D-ADA9-F9CFF0B512AD}"
EndProject
Project("{9A19103F-16F7-4668-BE54-9A1E7A4F7556}") = "TestProject", "TestProject\TestProject.csproj", "{335940BE-1508-453B-B6DB-103BC2810856}"
EndProject
Project("{9A19103F-16F7-4668-BE54-9A1E7A4F7556}") = "IdentityServer", "IdentityServer\IdentityServer.csproj", "{E198B23B-4F3B-462C-95D2-EAE37755F69E}"
EndProject
Project("{9A19103F-16F7-4668-BE54-9A1E7A4F7556}") = "MvcClient", "MvcClient\MvcClient.csproj", "{DFEC104F-8D6E-4000-8668-5A169AC204C7}"
EndProject
Project("{9A19103F-16F7-4668-BE54-9A1E7A4F7556}") = "Orchestrator", "Orchestrator\Orchestrator.csproj", "{DC5F8B92-0135-4614-AFBA-205A67C03378}"
EndProject
Project("{9A19103F-16F7-4668-BE54-9A1E7A4F7556}") = "Billing", "Billing\Billing.csproj", "{E77C0B57-2399-4EC1-AB71-A61B44212BB0}"
EndProject
Project("{9A19103F-16F7-4668-BE54-9A1E7A4F7556}") = "WebApi", "WebApi\WebApi.csproj", "{76FEBE2A-DD03-4268-8271-E2DB955A4209}"
EndProject
Project("{9A19103F-16F7-4668-BE54-9A1E7A4F7556}") = "UnitTestTimeRedistribution", "UnitTestTimeRedistribution\UnitTestTimeRedistribution.csproj", "{2DC6353E-7030-4589-B0FC-BDCB30AC4A01}"
EndProject
Project("{00D1A9C2-B5F0-4AF3-8072-F6C62B433612}") = "TimeRedistributionDb", "TimeRedistributionDb\TimeRedistributionDb.sqlproj", "{E9BA1036-3670-4CD0-B980-7CBF18C09E42}"
EndProject
Project("{9A19103F-16F7-4668-BE54-9A1E7A4F7556}") = "SignalR", "SignalR\SignalR.csproj", "{67FFA81A-3B2B-4BD2-9189-0310C44FDCAE}"
EndProject
Project("{9A19103F-16F7-4668-BE54-9A1E7A4F7556}") = "SecretToken", "SecretToken\SecretToken.csproj", "{F7D50A22-30E9-4CC9-9EDF-5E65D26A3E9A}"
EndProject
Project("{9A19103F-16F7-4668-BE54-9A1E7A4F7556}") = "GrpcAppointment", "GrpcAppointment\GrpcAppointment.csproj", "{96202FC2-C5C1-4B87-A2DD-BCF8B4B28210}"
EndProject
Project("{9A19103F-16F7-4668-BE54-9A1E7A4F7556}") = "Proba", "Proba\Proba.csproj", "{C2836E23-F290-44A0-895B-680E33E3F3F7}"
EndProject
Global
	GlobalSection(SolutionConfigurationPlatforms) = preSolution
		Debug|Any CPU = Debug|Any CPU
		Release|Any CPU = Release|Any CPU
	EndGlobalSection
	GlobalSection(ProjectConfigurationPlatforms) = postSolution
		{DC457D14-5DCC-4927-B4E1-3A721C11AAED}.Debug|Any CPU.ActiveCfg = Debug|Any CPU
		{DC457D14-5DCC-4927-B4E1-3A721C11AAED}.Debug|Any CPU.Build.0 = Debug|Any CPU
		{DC457D14-5DCC-4927-B4E1-3A721C11AAED}.Release|Any CPU.ActiveCfg = Release|Any CPU
		{DC457D14-5DCC-4927-B4E1-3A721C11AAED}.Release|Any CPU.Build.0 = Release|Any CPU
		{2C06607C-2EFB-40C8-AC00-4D3BDB41D74E}.Debug|Any CPU.ActiveCfg = Debug|Any CPU
		{2C06607C-2EFB-40C8-AC00-4D3BDB41D74E}.Debug|Any CPU.Build.0 = Debug|Any CPU
		{2C06607C-2EFB-40C8-AC00-4D3BDB41D74E}.Release|Any CPU.ActiveCfg = Release|Any CPU
		{2C06607C-2EFB-40C8-AC00-4D3BDB41D74E}.Release|Any CPU.Build.0 = Release|Any CPU
		{A768B69D-D7A5-4494-AC6B-43683C42D037}.Debug|Any CPU.ActiveCfg = Debug|Any CPU
		{A768B69D-D7A5-4494-AC6B-43683C42D037}.Debug|Any CPU.Build.0 = Debug|Any CPU
		{A768B69D-D7A5-4494-AC6B-43683C42D037}.Release|Any CPU.ActiveCfg = Release|Any CPU
		{A768B69D-D7A5-4494-AC6B-43683C42D037}.Release|Any CPU.Build.0 = Release|Any CPU
		{6E42BA10-217A-4752-A5C4-E7148B54CF67}.Debug|Any CPU.ActiveCfg = Debug|Any CPU
		{6E42BA10-217A-4752-A5C4-E7148B54CF67}.Debug|Any CPU.Build.0 = Debug|Any CPU
		{6E42BA10-217A-4752-A5C4-E7148B54CF67}.Release|Any CPU.ActiveCfg = Release|Any CPU
		{6E42BA10-217A-4752-A5C4-E7148B54CF67}.Release|Any CPU.Build.0 = Release|Any CPU
		{4FF2C0E2-5B3C-4577-90DC-998A0FE4EC8D}.Debug|Any CPU.ActiveCfg = Debug|Any CPU
		{4FF2C0E2-5B3C-4577-90DC-998A0FE4EC8D}.Debug|Any CPU.Build.0 = Debug|Any CPU
		{4FF2C0E2-5B3C-4577-90DC-998A0FE4EC8D}.Release|Any CPU.ActiveCfg = Release|Any CPU
		{4FF2C0E2-5B3C-4577-90DC-998A0FE4EC8D}.Release|Any CPU.Build.0 = Release|Any CPU
		{2DE8E05F-D09D-416D-ADA9-F9CFF0B512AD}.Debug|Any CPU.ActiveCfg = Debug|Any CPU
		{2DE8E05F-D09D-416D-ADA9-F9CFF0B512AD}.Debug|Any CPU.Build.0 = Debug|Any CPU
		{2DE8E05F-D09D-416D-ADA9-F9CFF0B512AD}.Release|Any CPU.ActiveCfg = Release|Any CPU
		{2DE8E05F-D09D-416D-ADA9-F9CFF0B512AD}.Release|Any CPU.Build.0 = Release|Any CPU
		{335940BE-1508-453B-B6DB-103BC2810856}.Debug|Any CPU.ActiveCfg = Debug|Any CPU
		{335940BE-1508-453B-B6DB-103BC2810856}.Debug|Any CPU.Build.0 = Debug|Any CPU
		{335940BE-1508-453B-B6DB-103BC2810856}.Release|Any CPU.ActiveCfg = Release|Any CPU
		{335940BE-1508-453B-B6DB-103BC2810856}.Release|Any CPU.Build.0 = Release|Any CPU
		{E198B23B-4F3B-462C-95D2-EAE37755F69E}.Debug|Any CPU.ActiveCfg = Debug|Any CPU
		{E198B23B-4F3B-462C-95D2-EAE37755F69E}.Debug|Any CPU.Build.0 = Debug|Any CPU
		{E198B23B-4F3B-462C-95D2-EAE37755F69E}.Release|Any CPU.ActiveCfg = Release|Any CPU
		{E198B23B-4F3B-462C-95D2-EAE37755F69E}.Release|Any CPU.Build.0 = Release|Any CPU
		{DFEC104F-8D6E-4000-8668-5A169AC204C7}.Debug|Any CPU.ActiveCfg = Debug|Any CPU
		{DFEC104F-8D6E-4000-8668-5A169AC204C7}.Debug|Any CPU.Build.0 = Debug|Any CPU
		{DFEC104F-8D6E-4000-8668-5A169AC204C7}.Release|Any CPU.ActiveCfg = Release|Any CPU
		{DFEC104F-8D6E-4000-8668-5A169AC204C7}.Release|Any CPU.Build.0 = Release|Any CPU
		{DC5F8B92-0135-4614-AFBA-205A67C03378}.Debug|Any CPU.ActiveCfg = Debug|Any CPU
		{DC5F8B92-0135-4614-AFBA-205A67C03378}.Debug|Any CPU.Build.0 = Debug|Any CPU
		{DC5F8B92-0135-4614-AFBA-205A67C03378}.Release|Any CPU.ActiveCfg = Release|Any CPU
		{DC5F8B92-0135-4614-AFBA-205A67C03378}.Release|Any CPU.Build.0 = Release|Any CPU
		{E77C0B57-2399-4EC1-AB71-A61B44212BB0}.Debug|Any CPU.ActiveCfg = Debug|Any CPU
		{E77C0B57-2399-4EC1-AB71-A61B44212BB0}.Debug|Any CPU.Build.0 = Debug|Any CPU
		{E77C0B57-2399-4EC1-AB71-A61B44212BB0}.Release|Any CPU.ActiveCfg = Release|Any CPU
		{E77C0B57-2399-4EC1-AB71-A61B44212BB0}.Release|Any CPU.Build.0 = Release|Any CPU
		{76FEBE2A-DD03-4268-8271-E2DB955A4209}.Debug|Any CPU.ActiveCfg = Debug|Any CPU
		{76FEBE2A-DD03-4268-8271-E2DB955A4209}.Debug|Any CPU.Build.0 = Debug|Any CPU
		{76FEBE2A-DD03-4268-8271-E2DB955A4209}.Release|Any CPU.ActiveCfg = Release|Any CPU
		{76FEBE2A-DD03-4268-8271-E2DB955A4209}.Release|Any CPU.Build.0 = Release|Any CPU
		{2DC6353E-7030-4589-B0FC-BDCB30AC4A01}.Debug|Any CPU.ActiveCfg = Debug|Any CPU
		{2DC6353E-7030-4589-B0FC-BDCB30AC4A01}.Debug|Any CPU.Build.0 = Debug|Any CPU
		{2DC6353E-7030-4589-B0FC-BDCB30AC4A01}.Release|Any CPU.ActiveCfg = Release|Any CPU
		{2DC6353E-7030-4589-B0FC-BDCB30AC4A01}.Release|Any CPU.Build.0 = Release|Any CPU
		{E9BA1036-3670-4CD0-B980-7CBF18C09E42}.Debug|Any CPU.ActiveCfg = Debug|Any CPU
		{E9BA1036-3670-4CD0-B980-7CBF18C09E42}.Debug|Any CPU.Build.0 = Debug|Any CPU
		{E9BA1036-3670-4CD0-B980-7CBF18C09E42}.Debug|Any CPU.Deploy.0 = Debug|Any CPU
		{E9BA1036-3670-4CD0-B980-7CBF18C09E42}.Release|Any CPU.ActiveCfg = Release|Any CPU
		{E9BA1036-3670-4CD0-B980-7CBF18C09E42}.Release|Any CPU.Build.0 = Release|Any CPU
		{E9BA1036-3670-4CD0-B980-7CBF18C09E42}.Release|Any CPU.Deploy.0 = Release|Any CPU
		{67FFA81A-3B2B-4BD2-9189-0310C44FDCAE}.Debug|Any CPU.ActiveCfg = Debug|Any CPU
		{67FFA81A-3B2B-4BD2-9189-0310C44FDCAE}.Debug|Any CPU.Build.0 = Debug|Any CPU
		{67FFA81A-3B2B-4BD2-9189-0310C44FDCAE}.Release|Any CPU.ActiveCfg = Release|Any CPU
		{67FFA81A-3B2B-4BD2-9189-0310C44FDCAE}.Release|Any CPU.Build.0 = Release|Any CPU
		{F7D50A22-30E9-4CC9-9EDF-5E65D26A3E9A}.Debug|Any CPU.ActiveCfg = Debug|Any CPU
		{F7D50A22-30E9-4CC9-9EDF-5E65D26A3E9A}.Debug|Any CPU.Build.0 = Debug|Any CPU
		{F7D50A22-30E9-4CC9-9EDF-5E65D26A3E9A}.Release|Any CPU.ActiveCfg = Release|Any CPU
		{F7D50A22-30E9-4CC9-9EDF-5E65D26A3E9A}.Release|Any CPU.Build.0 = Release|Any CPU
		{96202FC2-C5C1-4B87-A2DD-BCF8B4B28210}.Debug|Any CPU.ActiveCfg = Debug|Any CPU
		{96202FC2-C5C1-4B87-A2DD-BCF8B4B28210}.Debug|Any CPU.Build.0 = Debug|Any CPU
		{96202FC2-C5C1-4B87-A2DD-BCF8B4B28210}.Release|Any CPU.ActiveCfg = Release|Any CPU
		{96202FC2-C5C1-4B87-A2DD-BCF8B4B28210}.Release|Any CPU.Build.0 = Release|Any CPU
		{C2836E23-F290-44A0-895B-680E33E3F3F7}.Debug|Any CPU.ActiveCfg = Debug|Any CPU
		{C2836E23-F290-44A0-895B-680E33E3F3F7}.Debug|Any CPU.Build.0 = Debug|Any CPU
		{C2836E23-F290-44A0-895B-680E33E3F3F7}.Release|Any CPU.ActiveCfg = Release|Any CPU
		{C2836E23-F290-44A0-895B-680E33E3F3F7}.Release|Any CPU.Build.0 = Release|Any CPU
	EndGlobalSection
	GlobalSection(SolutionProperties) = preSolution
		HideSolutionNode = FALSE
	EndGlobalSection
	GlobalSection(ExtensibilityGlobals) = postSolution
		SolutionGuid = {31ECE976-8E68-497E-9028-467D4E94691E}
	EndGlobalSection
EndGlobal
