
Microsoft Visual Studio Solution File, Format Version 12.00
# Visual Studio Version 16
VisualStudioVersion = 16.0.30114.105
MinimumVisualStudioVersion = 10.0.40219.1
Project("{9A19103F-16F7-4668-BE54-9A1E7A4F7556}") = "TimeRedistribution", "TimeRedistribution\TimeRedistribution.csproj", "{DC457D14-5DCC-4927-B4E1-3A721C11AAED}"
EndProject
Project("{9A19103F-16F7-4668-BE54-9A1E7A4F7556}") = "MedAppData", "MedAppData\MedAppData.csproj", "{2C06607C-2EFB-40C8-AC00-4D3BDB41D74E}"
EndProject
Project("{9A19103F-16F7-4668-BE54-9A1E7A4F7556}") = "AppoitmentRedistribution", "AppoitmentRedistribution\AppoitmentRedistribution.csproj", "{A768B69D-D7A5-4494-AC6B-43683C42D037}"
EndProject
Project("{9A19103F-16F7-4668-BE54-9A1E7A4F7556}") = "MedAppServices", "MedAppServices\MedAppServices.csproj", "{6E42BA10-217A-4752-A5C4-E7148B54CF67}"
EndProject
Project("{9A19103F-16F7-4668-BE54-9A1E7A4F7556}") = "MedAppCore", "MedAppCore\MedAppCore.csproj", "{4FF2C0E2-5B3C-4577-90DC-998A0FE4EC8D}"
EndProject
Project("{9A19103F-16F7-4668-BE54-9A1E7A4F7556}") = "MailerWorker", "MailerWorker\MailerWorker.csproj", "{2DE8E05F-D09D-416D-ADA9-F9CFF0B512AD}"
EndProject
Project("{9A19103F-16F7-4668-BE54-9A1E7A4F7556}") = "TestProject", "TestProject\TestProject.csproj", "{335940BE-1508-453B-B6DB-103BC2810856}"
EndProject
Project("{9A19103F-16F7-4668-BE54-9A1E7A4F7556}") = "IdentityServer", "IdentityServer\IdentityServer.csproj", "{E198B23B-4F3B-462C-95D2-EAE37755F69E}"
EndProject
Project("{9A19103F-16F7-4668-BE54-9A1E7A4F7556}") = "MvcClient", "MvcClient\MvcClient.csproj", "{DFEC104F-8D6E-4000-8668-5A169AC204C7}"
EndProject
Project("{9A19103F-16F7-4668-BE54-9A1E7A4F7556}") = "Orchestrator", "Orchestrator\Orchestrator.csproj", "{DC5F8B92-0135-4614-AFBA-205A67C03378}"
EndProject
Project("{9A19103F-16F7-4668-BE54-9A1E7A4F7556}") = "Billing", "Billing\Billing.csproj", "{E77C0B57-2399-4EC1-AB71-A61B44212BB0}"
EndProject
Project("{9A19103F-16F7-4668-BE54-9A1E7A4F7556}") = "WebApi", "WebApi\WebApi.csproj", "{76FEBE2A-DD03-4268-8271-E2DB955A4209}"
EndProject
Project("{9A19103F-16F7-4668-BE54-9A1E7A4F7556}") = "UnitTestTimeRedistribution", "UnitTestTimeRedistribution\UnitTestTimeRedistribution.csproj", "{2DC6353E-7030-4589-B0FC-BDCB30AC4A01}"
EndProject
Project("{00D1A9C2-B5F0-4AF3-8072-F6C62B433612}") = "TimeRedistributionDb", "TimeRedistributionDb\TimeRedistributionDb.sqlproj", "{E9BA1036-3670-4CD0-B980-7CBF18C09E42}"
EndProject
Project("{9A19103F-16F7-4668-BE54-9A1E7A4F7556}") = "SignalR", "SignalR\SignalR.csproj", "{67FFA81A-3B2B-4BD2-9189-0310C44FDCAE}"
EndProject
Project("{9A19103F-16F7-4668-BE54-9A1E7A4F7556}") = "SecretToken", "SecretToken\SecretToken.csproj", "{F7D50A22-30E9-4CC9-9EDF-5E65D26A3E9A}"
EndProject
Project("{9A19103F-16F7-4668-BE54-9A1E7A4F7556}") = "GrpcAppointment", "GrpcAppointment\GrpcAppointment.csproj", "{96202FC2-C5C1-4B87-A2DD-BCF8B4B28210}"
EndProject
Project("{9A19103F-16F7-4668-BE54-9A1E7A4F7556}") = "Proba", "Proba\Proba.csproj", "{C2836E23-F290-44A0-895B-680E33E3F3F7}"
EndProject
Project("{9A19103F-16F7-4668-BE54-9A1E7A4F7556}") = "Signing", "Signing\Signing.csproj", "{6EE6A8A6-B0A0-4D00-AAFC-7A82B3BB8BE7}"
EndProject
Project("{2150E333-8FDC-42A3-9474-1A3956D46DE8}") = "DDD", "DDD", "{E1A2D385-D7CE-44A7-9DE7-2557B5D83393}"
EndProject
Project("{2150E333-8FDC-42A3-9474-1A3956D46DE8}") = "Scheduling", "Scheduling", "{67CA1CF6-469A-4BEF-9C71-7EDEE6DE6A45}"
EndProject
Project("{9A19103F-16F7-4668-BE54-9A1E7A4F7556}") = "Scheduling.API", "DDD\Scheduling\Scheduling.API\Scheduling.API.csproj", "{7A2AEA25-C565-4C12-8DF9-58BA1693FCEC}"
EndProject
Project("{9A19103F-16F7-4668-BE54-9A1E7A4F7556}") = "Scheduling.Domain", "DDD\Scheduling\Scheduling.Domain\Scheduling.Domain.csproj", "{D5435723-B5C6-4C84-AB1A-D092C78B4439}"
EndProject
Project("{9A19103F-16F7-4668-BE54-9A1E7A4F7556}") = "Scheduling.Infrastructure", "DDD\Scheduling\Scheduling.Infrastructure\Scheduling.Infrastructure.csproj", "{8B3A8E00-A7F8-4689-B13D-ADE536DCEB9C}"
EndProject
Project("{2150E333-8FDC-42A3-9474-1A3956D46DE8}") = "BuildingBlocks", "BuildingBlocks", "{0B98276C-2BAA-42C1-83C0-0130AE15AA91}"
EndProject
Project("{9A19103F-16F7-4668-BE54-9A1E7A4F7556}") = "DDD.BuildingBlocks.Application", "DDD\BuildingBlocks\DDD.BuildingBlocks.Application\DDD.BuildingBlocks.Application.csproj", "{EA55EF00-B7AC-465E-B675-4C71EEC4CB75}"
EndProject
Project("{9A19103F-16F7-4668-BE54-9A1E7A4F7556}") = "DDD.BuildingBlocks.Domain", "DDD\BuildingBlocks\DDD.BuildingBlocks.Domain\DDD.BuildingBlocks.Domain.csproj", "{18137F91-653E-4190-B982-BB94629D343A}"
EndProject
Project("{9A19103F-16F7-4668-BE54-9A1E7A4F7556}") = "DDD.BuildingBlocks.Infrastructure", "DDD\BuildingBlocks\DDD.BuildingBlocks.Infrastructure\DDD.BuildingBlocks.Infrastructure.csproj", "{D33389EE-0880-4D3D-AECE-6AFD2491D1AC}"
EndProject
Project("{9A19103F-16F7-4668-BE54-9A1E7A4F7556}") = "Scheduling.Application", "DDD\Scheduling\Scheduling.Application\Scheduling.Application.csproj", "{A39BE73B-0AEE-4989-B226-C2AD97772764}"
EndProject
Project("{9A19103F-16F7-4668-BE54-9A1E7A4F7556}") = "HelpWorker", "HelpWorker\HelpWorker.csproj", "{D5D25527-54D6-48AD-ABA8-0CB7AD99AC5A}"
EndProject
Project("{FAE04EC0-301F-11D3-BF4B-00C04F79EFBC}") = "Messages", "Messages\Messages.csproj", "{D788E267-2464-4396-9525-0BF96028A602}"
EndProject
Global
	GlobalSection(SolutionConfigurationPlatforms) = preSolution
		Debug|Any CPU = Debug|Any CPU
		Release|Any CPU = Release|Any CPU
	EndGlobalSection
	GlobalSection(ProjectConfigurationPlatforms) = postSolution
		{DC457D14-5DCC-4927-B4E1-3A721C11AAED}.Debug|Any CPU.ActiveCfg = Debug|Any CPU
		{DC457D14-5DCC-4927-B4E1-3A721C11AAED}.Debug|Any CPU.Build.0 = Debug|Any CPU
		{DC457D14-5DCC-4927-B4E1-3A721C11AAED}.Release|Any CPU.ActiveCfg = Release|Any CPU
		{DC457D14-5DCC-4927-B4E1-3A721C11AAED}.Release|Any CPU.Build.0 = Release|Any CPU
		{2C06607C-2EFB-40C8-AC00-4D3BDB41D74E}.Debug|Any CPU.ActiveCfg = Debug|Any CPU
		{2C06607C-2EFB-40C8-AC00-4D3BDB41D74E}.Debug|Any CPU.Build.0 = Debug|Any CPU
		{2C06607C-2EFB-40C8-AC00-4D3BDB41D74E}.Release|Any CPU.ActiveCfg = Release|Any CPU
		{2C06607C-2EFB-40C8-AC00-4D3BDB41D74E}.Release|Any CPU.Build.0 = Release|Any CPU
		{A768B69D-D7A5-4494-AC6B-43683C42D037}.Debug|Any CPU.ActiveCfg = Debug|Any CPU
		{A768B69D-D7A5-4494-AC6B-43683C42D037}.Debug|Any CPU.Build.0 = Debug|Any CPU
		{A768B69D-D7A5-4494-AC6B-43683C42D037}.Release|Any CPU.ActiveCfg = Release|Any CPU
		{A768B69D-D7A5-4494-AC6B-43683C42D037}.Release|Any CPU.Build.0 = Release|Any CPU
		{6E42BA10-217A-4752-A5C4-E7148B54CF67}.Debug|Any CPU.ActiveCfg = Debug|Any CPU
		{6E42BA10-217A-4752-A5C4-E7148B54CF67}.Debug|Any CPU.Build.0 = Debug|Any CPU
		{6E42BA10-217A-4752-A5C4-E7148B54CF67}.Release|Any CPU.ActiveCfg = Release|Any CPU
		{6E42BA10-217A-4752-A5C4-E7148B54CF67}.Release|Any CPU.Build.0 = Release|Any CPU
		{4FF2C0E2-5B3C-4577-90DC-998A0FE4EC8D}.Debug|Any CPU.ActiveCfg = Debug|Any CPU
		{4FF2C0E2-5B3C-4577-90DC-998A0FE4EC8D}.Debug|Any CPU.Build.0 = Debug|Any CPU
		{4FF2C0E2-5B3C-4577-90DC-998A0FE4EC8D}.Release|Any CPU.ActiveCfg = Release|Any CPU
		{4FF2C0E2-5B3C-4577-90DC-998A0FE4EC8D}.Release|Any CPU.Build.0 = Release|Any CPU
		{2DE8E05F-D09D-416D-ADA9-F9CFF0B512AD}.Debug|Any CPU.ActiveCfg = Debug|Any CPU
		{2DE8E05F-D09D-416D-ADA9-F9CFF0B512AD}.Debug|Any CPU.Build.0 = Debug|Any CPU
		{2DE8E05F-D09D-416D-ADA9-F9CFF0B512AD}.Release|Any CPU.ActiveCfg = Release|Any CPU
		{2DE8E05F-D09D-416D-ADA9-F9CFF0B512AD}.Release|Any CPU.Build.0 = Release|Any CPU
		{335940BE-1508-453B-B6DB-103BC2810856}.Debug|Any CPU.ActiveCfg = Debug|Any CPU
		{335940BE-1508-453B-B6DB-103BC2810856}.Debug|Any CPU.Build.0 = Debug|Any CPU
		{335940BE-1508-453B-B6DB-103BC2810856}.Release|Any CPU.ActiveCfg = Release|Any CPU
		{335940BE-1508-453B-B6DB-103BC2810856}.Release|Any CPU.Build.0 = Release|Any CPU
		{E198B23B-4F3B-462C-95D2-EAE37755F69E}.Debug|Any CPU.ActiveCfg = Debug|Any CPU
		{E198B23B-4F3B-462C-95D2-EAE37755F69E}.Debug|Any CPU.Build.0 = Debug|Any CPU
		{E198B23B-4F3B-462C-95D2-EAE37755F69E}.Release|Any CPU.ActiveCfg = Release|Any CPU
		{E198B23B-4F3B-462C-95D2-EAE37755F69E}.Release|Any CPU.Build.0 = Release|Any CPU
		{DFEC104F-8D6E-4000-8668-5A169AC204C7}.Debug|Any CPU.ActiveCfg = Debug|Any CPU
		{DFEC104F-8D6E-4000-8668-5A169AC204C7}.Debug|Any CPU.Build.0 = Debug|Any CPU
		{DFEC104F-8D6E-4000-8668-5A169AC204C7}.Release|Any CPU.ActiveCfg = Release|Any CPU
		{DFEC104F-8D6E-4000-8668-5A169AC204C7}.Release|Any CPU.Build.0 = Release|Any CPU
		{DC5F8B92-0135-4614-AFBA-205A67C03378}.Debug|Any CPU.ActiveCfg = Debug|Any CPU
		{DC5F8B92-0135-4614-AFBA-205A67C03378}.Debug|Any CPU.Build.0 = Debug|Any CPU
		{DC5F8B92-0135-4614-AFBA-205A67C03378}.Release|Any CPU.ActiveCfg = Release|Any CPU
		{DC5F8B92-0135-4614-AFBA-205A67C03378}.Release|Any CPU.Build.0 = Release|Any CPU
		{E77C0B57-2399-4EC1-AB71-A61B44212BB0}.Debug|Any CPU.ActiveCfg = Debug|Any CPU
		{E77C0B57-2399-4EC1-AB71-A61B44212BB0}.Debug|Any CPU.Build.0 = Debug|Any CPU
		{E77C0B57-2399-4EC1-AB71-A61B44212BB0}.Release|Any CPU.ActiveCfg = Release|Any CPU
		{E77C0B57-2399-4EC1-AB71-A61B44212BB0}.Release|Any CPU.Build.0 = Release|Any CPU
		{76FEBE2A-DD03-4268-8271-E2DB955A4209}.Debug|Any CPU.ActiveCfg = Debug|Any CPU
		{76FEBE2A-DD03-4268-8271-E2DB955A4209}.Debug|Any CPU.Build.0 = Debug|Any CPU
		{76FEBE2A-DD03-4268-8271-E2DB955A4209}.Release|Any CPU.ActiveCfg = Release|Any CPU
		{76FEBE2A-DD03-4268-8271-E2DB955A4209}.Release|Any CPU.Build.0 = Release|Any CPU
		{2DC6353E-7030-4589-B0FC-BDCB30AC4A01}.Debug|Any CPU.ActiveCfg = Debug|Any CPU
		{2DC6353E-7030-4589-B0FC-BDCB30AC4A01}.Debug|Any CPU.Build.0 = Debug|Any CPU
		{2DC6353E-7030-4589-B0FC-BDCB30AC4A01}.Release|Any CPU.ActiveCfg = Release|Any CPU
		{2DC6353E-7030-4589-B0FC-BDCB30AC4A01}.Release|Any CPU.Build.0 = Release|Any CPU
		{E9BA1036-3670-4CD0-B980-7CBF18C09E42}.Debug|Any CPU.ActiveCfg = Debug|Any CPU
		{E9BA1036-3670-4CD0-B980-7CBF18C09E42}.Debug|Any CPU.Build.0 = Debug|Any CPU
		{E9BA1036-3670-4CD0-B980-7CBF18C09E42}.Debug|Any CPU.Deploy.0 = Debug|Any CPU
		{E9BA1036-3670-4CD0-B980-7CBF18C09E42}.Release|Any CPU.ActiveCfg = Release|Any CPU
		{E9BA1036-3670-4CD0-B980-7CBF18C09E42}.Release|Any CPU.Build.0 = Release|Any CPU
		{E9BA1036-3670-4CD0-B980-7CBF18C09E42}.Release|Any CPU.Deploy.0 = Release|Any CPU
		{67FFA81A-3B2B-4BD2-9189-0310C44FDCAE}.Debug|Any CPU.ActiveCfg = Debug|Any CPU
		{67FFA81A-3B2B-4BD2-9189-0310C44FDCAE}.Debug|Any CPU.Build.0 = Debug|Any CPU
		{67FFA81A-3B2B-4BD2-9189-0310C44FDCAE}.Release|Any CPU.ActiveCfg = Release|Any CPU
		{67FFA81A-3B2B-4BD2-9189-0310C44FDCAE}.Release|Any CPU.Build.0 = Release|Any CPU
		{F7D50A22-30E9-4CC9-9EDF-5E65D26A3E9A}.Debug|Any CPU.ActiveCfg = Debug|Any CPU
		{F7D50A22-30E9-4CC9-9EDF-5E65D26A3E9A}.Debug|Any CPU.Build.0 = Debug|Any CPU
		{F7D50A22-30E9-4CC9-9EDF-5E65D26A3E9A}.Release|Any CPU.ActiveCfg = Release|Any CPU
		{F7D50A22-30E9-4CC9-9EDF-5E65D26A3E9A}.Release|Any CPU.Build.0 = Release|Any CPU
		{96202FC2-C5C1-4B87-A2DD-BCF8B4B28210}.Debug|Any CPU.ActiveCfg = Debug|Any CPU
		{96202FC2-C5C1-4B87-A2DD-BCF8B4B28210}.Debug|Any CPU.Build.0 = Debug|Any CPU
		{96202FC2-C5C1-4B87-A2DD-BCF8B4B28210}.Release|Any CPU.ActiveCfg = Release|Any CPU
		{96202FC2-C5C1-4B87-A2DD-BCF8B4B28210}.Release|Any CPU.Build.0 = Release|Any CPU
		{C2836E23-F290-44A0-895B-680E33E3F3F7}.Debug|Any CPU.ActiveCfg = Debug|Any CPU
		{C2836E23-F290-44A0-895B-680E33E3F3F7}.Debug|Any CPU.Build.0 = Debug|Any CPU
		{C2836E23-F290-44A0-895B-680E33E3F3F7}.Release|Any CPU.ActiveCfg = Release|Any CPU
		{C2836E23-F290-44A0-895B-680E33E3F3F7}.Release|Any CPU.Build.0 = Release|Any CPU
		{6EE6A8A6-B0A0-4D00-AAFC-7A82B3BB8BE7}.Debug|Any CPU.ActiveCfg = Debug|Any CPU
		{6EE6A8A6-B0A0-4D00-AAFC-7A82B3BB8BE7}.Debug|Any CPU.Build.0 = Debug|Any CPU
		{6EE6A8A6-B0A0-4D00-AAFC-7A82B3BB8BE7}.Release|Any CPU.ActiveCfg = Release|Any CPU
		{6EE6A8A6-B0A0-4D00-AAFC-7A82B3BB8BE7}.Release|Any CPU.Build.0 = Release|Any CPU
		{7A2AEA25-C565-4C12-8DF9-58BA1693FCEC}.Debug|Any CPU.ActiveCfg = Debug|Any CPU
		{7A2AEA25-C565-4C12-8DF9-58BA1693FCEC}.Debug|Any CPU.Build.0 = Debug|Any CPU
		{7A2AEA25-C565-4C12-8DF9-58BA1693FCEC}.Release|Any CPU.ActiveCfg = Release|Any CPU
		{7A2AEA25-C565-4C12-8DF9-58BA1693FCEC}.Release|Any CPU.Build.0 = Release|Any CPU
		{D5435723-B5C6-4C84-AB1A-D092C78B4439}.Debug|Any CPU.ActiveCfg = Debug|Any CPU
		{D5435723-B5C6-4C84-AB1A-D092C78B4439}.Debug|Any CPU.Build.0 = Debug|Any CPU
		{D5435723-B5C6-4C84-AB1A-D092C78B4439}.Release|Any CPU.ActiveCfg = Release|Any CPU
		{D5435723-B5C6-4C84-AB1A-D092C78B4439}.Release|Any CPU.Build.0 = Release|Any CPU
		{8B3A8E00-A7F8-4689-B13D-ADE536DCEB9C}.Debug|Any CPU.ActiveCfg = Debug|Any CPU
		{8B3A8E00-A7F8-4689-B13D-ADE536DCEB9C}.Debug|Any CPU.Build.0 = Debug|Any CPU
		{8B3A8E00-A7F8-4689-B13D-ADE536DCEB9C}.Release|Any CPU.ActiveCfg = Release|Any CPU
		{8B3A8E00-A7F8-4689-B13D-ADE536DCEB9C}.Release|Any CPU.Build.0 = Release|Any CPU
		{EA55EF00-B7AC-465E-B675-4C71EEC4CB75}.Debug|Any CPU.ActiveCfg = Debug|Any CPU
		{EA55EF00-B7AC-465E-B675-4C71EEC4CB75}.Debug|Any CPU.Build.0 = Debug|Any CPU
		{EA55EF00-B7AC-465E-B675-4C71EEC4CB75}.Release|Any CPU.ActiveCfg = Release|Any CPU
		{EA55EF00-B7AC-465E-B675-4C71EEC4CB75}.Release|Any CPU.Build.0 = Release|Any CPU
		{18137F91-653E-4190-B982-BB94629D343A}.Debug|Any CPU.ActiveCfg = Debug|Any CPU
		{18137F91-653E-4190-B982-BB94629D343A}.Debug|Any CPU.Build.0 = Debug|Any CPU
		{18137F91-653E-4190-B982-BB94629D343A}.Release|Any CPU.ActiveCfg = Release|Any CPU
		{18137F91-653E-4190-B982-BB94629D343A}.Release|Any CPU.Build.0 = Release|Any CPU
		{D33389EE-0880-4D3D-AECE-6AFD2491D1AC}.Debug|Any CPU.ActiveCfg = Debug|Any CPU
		{D33389EE-0880-4D3D-AECE-6AFD2491D1AC}.Debug|Any CPU.Build.0 = Debug|Any CPU
		{D33389EE-0880-4D3D-AECE-6AFD2491D1AC}.Release|Any CPU.ActiveCfg = Release|Any CPU
		{D33389EE-0880-4D3D-AECE-6AFD2491D1AC}.Release|Any CPU.Build.0 = Release|Any CPU
		{A39BE73B-0AEE-4989-B226-C2AD97772764}.Debug|Any CPU.ActiveCfg = Debug|Any CPU
		{A39BE73B-0AEE-4989-B226-C2AD97772764}.Debug|Any CPU.Build.0 = Debug|Any CPU
		{A39BE73B-0AEE-4989-B226-C2AD97772764}.Release|Any CPU.ActiveCfg = Release|Any CPU
		{A39BE73B-0AEE-4989-B226-C2AD97772764}.Release|Any CPU.Build.0 = Release|Any CPU
		{D5D25527-54D6-48AD-ABA8-0CB7AD99AC5A}.Debug|Any CPU.ActiveCfg = Debug|Any CPU
		{D5D25527-54D6-48AD-ABA8-0CB7AD99AC5A}.Debug|Any CPU.Build.0 = Debug|Any CPU
		{D5D25527-54D6-48AD-ABA8-0CB7AD99AC5A}.Release|Any CPU.ActiveCfg = Release|Any CPU
		{D5D25527-54D6-48AD-ABA8-0CB7AD99AC5A}.Release|Any CPU.Build.0 = Release|Any CPU
		{D788E267-2464-4396-9525-0BF96028A602}.Debug|Any CPU.ActiveCfg = Debug|Any CPU
		{D788E267-2464-4396-9525-0BF96028A602}.Debug|Any CPU.Build.0 = Debug|Any CPU
		{D788E267-2464-4396-9525-0BF96028A602}.Release|Any CPU.ActiveCfg = Release|Any CPU
		{D788E267-2464-4396-9525-0BF96028A602}.Release|Any CPU.Build.0 = Release|Any CPU
	EndGlobalSection
	GlobalSection(SolutionProperties) = preSolution
		HideSolutionNode = FALSE
	EndGlobalSection
	GlobalSection(NestedProjects) = preSolution
		{67CA1CF6-469A-4BEF-9C71-7EDEE6DE6A45} = {E1A2D385-D7CE-44A7-9DE7-2557B5D83393}
		{7A2AEA25-C565-4C12-8DF9-58BA1693FCEC} = {67CA1CF6-469A-4BEF-9C71-7EDEE6DE6A45}
		{D5435723-B5C6-4C84-AB1A-D092C78B4439} = {67CA1CF6-469A-4BEF-9C71-7EDEE6DE6A45}
		{8B3A8E00-A7F8-4689-B13D-ADE536DCEB9C} = {67CA1CF6-469A-4BEF-9C71-7EDEE6DE6A45}
		{0B98276C-2BAA-42C1-83C0-0130AE15AA91} = {E1A2D385-D7CE-44A7-9DE7-2557B5D83393}
		{EA55EF00-B7AC-465E-B675-4C71EEC4CB75} = {0B98276C-2BAA-42C1-83C0-0130AE15AA91}
		{18137F91-653E-4190-B982-BB94629D343A} = {0B98276C-2BAA-42C1-83C0-0130AE15AA91}
		{D33389EE-0880-4D3D-AECE-6AFD2491D1AC} = {0B98276C-2BAA-42C1-83C0-0130AE15AA91}
		{A39BE73B-0AEE-4989-B226-C2AD97772764} = {67CA1CF6-469A-4BEF-9C71-7EDEE6DE6A45}
	EndGlobalSection
	GlobalSection(ExtensibilityGlobals) = postSolution
		SolutionGuid = {31ECE976-8E68-497E-9028-467D4E94691E}
	EndGlobalSection
EndGlobal
